{
  "name": "ai-interview-prep-kit",
  "version": "1.0.0",
  "lockfileVersion": 3,
  "requires": true,
  "packages": {
    "": {
      "name": "ai-interview-prep-kit",
      "version": "1.0.0",
      "license": "UNLICENSED",
      "workspaces": [
        "packages/*",
        "apps/*"
      ],
      "engines": {
        "node": ">=20"
      }
    },
    "apps/server": {
      "name": "@aipk/server",
      "version": "1.0.0",
      "dependencies": {
        "@aipk/core": "*"
      }
    },
    "apps/web": {
      "name": "@aipk/web",
      "version": "1.0.0"
    },
    "node_modules/@aipk/core": {
      "resolved": "packages/core",
      "link": true
    },
    "node_modules/@aipk/server": {
      "resolved": "apps/server",
      "link": true
    },
    "node_modules/@aipk/web": {
      "resolved": "apps/web",
      "link": true
    },
    "packages/core": {
      "name": "@aipk/core",
      "version": "1.0.0"
    }
  }
}
